
Microsoft Visual Studio Solution File, Format Version 12.00
# Visual Studio Version 16
VisualStudioVersion = 16.0.31112.23
MinimumVisualStudioVersion = 10.0.40219.1
Project("{FAE04EC0-301F-11D3-BF4B-00C04F79EFBC}") = "Homework", "Homework\Homework.csproj", "{119DE030-E89D-4F71-B7EA-AEBED18241C6}"
EndProject
Global
	GlobalSection(SolutionConfigurationPlatforms) = preSolution
		Debug|Any CPU = Debug|Any CPU
		Release|Any CPU = Release|Any CPU
	EndGlobalSection
	GlobalSection(ProjectConfigurationPlatforms) = postSolution
		{119DE030-E89D-4F71-B7EA-AEBED18241C6}.Debug|Any CPU.ActiveCfg = Debug|Any CPU
		{119DE030-E89D-4F71-B7EA-AEBED18241C6}.Debug|Any CPU.Build.0 = Debug|Any CPU
		{119DE030-E89D-4F71-B7EA-AEBED18241C6}.Release|Any CPU.ActiveCfg = Release|Any CPU
		{119DE030-E89D-4F71-B7EA-AEBED18241C6}.Release|Any CPU.Build.0 = Release|Any CPU
	EndGlobalSection
	GlobalSection(SolutionProperties) = preSolution
		HideSolutionNode = FALSE
	EndGlobalSection
	GlobalSection(ExtensibilityGlobals) = postSolution
		SolutionGuid = {3F1E9EED-2DD5-43B4-8321-94454F4AFEE6}
	EndGlobalSection
EndGlobal
